// !$*UTF8*$!
{
	archiveVersion = 1;
	classes = {
	};
	objectVersion = 56;
	objects = {

/* Begin PBXBuildFile section */
		189571F8296E912F00F30F26 /* SwiftUIGridApp.swift in Sources */ = {isa = PBXBuildFile; fileRef = 189571F7296E912F00F30F26 /* SwiftUIGridApp.swift */; };
		189571FA296E912F00F30F26 /* ContentView.swift in Sources */ = {isa = PBXBuildFile; fileRef = 189571F9296E912F00F30F26 /* ContentView.swift */; };
		189571FC296E913100F30F26 /* Assets.xcassets in Resources */ = {isa = PBXBuildFile; fileRef = 189571FB296E913100F30F26 /* Assets.xcassets */; };
		189571FF296E913100F30F26 /* Preview Assets.xcassets in Resources */ = {isa = PBXBuildFile; fileRef = 189571FE296E913100F30F26 /* Preview Assets.xcassets */; };
		18957209296E913200F30F26 /* SwiftUIGridTests.swift in Sources */ = {isa = PBXBuildFile; fileRef = 18957208296E913200F30F26 /* SwiftUIGridTests.swift */; };
		18957213296E913200F30F26 /* SwiftUIGridUITests.swift in Sources */ = {isa = PBXBuildFile; fileRef = 18957212296E913200F30F26 /* SwiftUIGridUITests.swift */; };
		18957215296E913200F30F26 /* SwiftUIGridUITestsLaunchTests.swift in Sources */ = {isa = PBXBuildFile; fileRef = 18957214296E913200F30F26 /* SwiftUIGridUITestsLaunchTests.swift */; };
/* End PBXBuildFile section */

/* Begin PBXContainerItemProxy section */
		18957205296E913200F30F26 /* PBXContainerItemProxy */ = {
			isa = PBXContainerItemProxy;
			containerPortal = 189571EC296E912F00F30F26 /* Project object */;
			proxyType = 1;
			remoteGlobalIDString = 189571F3296E912F00F30F26;
			remoteInfo = SwiftUIGrid;
		};
		1895720F296E913200F30F26 /* PBXContainerItemProxy */ = {
			isa = PBXContainerItemProxy;
			containerPortal = 189571EC296E912F00F30F26 /* Project object */;
			proxyType = 1;
			remoteGlobalIDString = 189571F3296E912F00F30F26;
			remoteInfo = SwiftUIGrid;
		};
/* End PBXContainerItemProxy section */

/* Begin PBXFileReference section */
		189571F4296E912F00F30F26 /* SwiftUIGrid.app */ = {isa = PBXFileReference; explicitFileType = wrapper.application; includeInIndex = 0; path = SwiftUIGrid.app; sourceTree = BUILT_PRODUCTS_DIR; };
		189571F7296E912F00F30F26 /* SwiftUIGridApp.swift */ = {isa = PBXFileReference; lastKnownFileType = sourcecode.swift; path = SwiftUIGridApp.swift; sourceTree = "<group>"; };
		189571F9296E912F00F30F26 /* ContentView.swift */ = {isa = PBXFileReference; lastKnownFileType = sourcecode.swift; path = ContentView.swift; sourceTree = "<group>"; };
		189571FB296E913100F30F26 /* Assets.xcassets */ = {isa = PBXFileReference; lastKnownFileType = folder.assetcatalog; path = Assets.xcassets; sourceTree = "<group>"; };
		189571FE296E913100F30F26 /* Preview Assets.xcassets */ = {isa = PBXFileReference; lastKnownFileType = folder.assetcatalog; path = "Preview Assets.xcassets"; sourceTree = "<group>"; };
		18957204296E913200F30F26 /* SwiftUIGridTests.xctest */ = {isa = PBXFileReference; explicitFileType = wrapper.cfbundle; includeInIndex = 0; path = SwiftUIGridTests.xctest; sourceTree = BUILT_PRODUCTS_DIR; };
		18957208296E913200F30F26 /* SwiftUIGridTests.swift */ = {isa = PBXFileReference; lastKnownFileType = sourcecode.swift; path = SwiftUIGridTests.swift; sourceTree = "<group>"; };
		1895720E296E913200F30F26 /* SwiftUIGridUITests.xctest */ = {isa = PBXFileReference; explicitFileType = wrapper.cfbundle; includeInIndex = 0; path = SwiftUIGridUITests.xctest; sourceTree = BUILT_PRODUCTS_DIR; };
		18957212296E913200F30F26 /* SwiftUIGridUITests.swift */ = {isa = PBXFileReference; lastKnownFileType = sourcecode.swift; path = SwiftUIGridUITests.swift; sourceTree = "<group>"; };
		18957214296E913200F30F26 /* SwiftUIGridUITestsLaunchTests.swift */ = {isa = PBXFileReference; lastKnownFileType = sourcecode.swift; path = SwiftUIGridUITestsLaunchTests.swift; sourceTree = "<group>"; };
/* End PBXFileReference section */

/* Begin PBXFrameworksBuildPhase section */
		189571F1296E912F00F30F26 /* Frameworks */ = {
			isa = PBXFrameworksBuildPhase;
			buildActionMask = 2147483647;
			files = (
			);
			runOnlyForDeploymentPostprocessing = 0;
		};
		18957201296E913200F30F26 /* Frameworks */ = {
			isa = PBXFrameworksBuildPhase;
			buildActionMask = 2147483647;
			files = (
			);
			runOnlyForDeploymentPostprocessing = 0;
		};
		1895720B296E913200F30F26 /* Frameworks */ = {
			isa = PBXFrameworksBuildPhase;
			buildActionMask = 2147483647;
			files = (
			);
			runOnlyForDeploymentPostprocessing = 0;
		};
/* End PBXFrameworksBuildPhase section */

/* Begin PBXGroup section */
		189571EB296E912F00F30F26 = {
			isa = PBXGroup;
			children = (
				189571F6296E912F00F30F26 /* SwiftUIGrid */,
				18957207296E913200F30F26 /* SwiftUIGridTests */,
				18957211296E913200F30F26 /* SwiftUIGridUITests */,
				189571F5296E912F00F30F26 /* Products */,
			);
			sourceTree = "<group>";
		};
		189571F5296E912F00F30F26 /* Products */ = {
			isa = PBXGroup;
			children = (
				189571F4296E912F00F30F26 /* SwiftUIGrid.app */,
				18957204296E913200F30F26 /* SwiftUIGridTests.xctest */,
				1895720E296E913200F30F26 /* SwiftUIGridUITests.xctest */,
			);
			name = Products;
			sourceTree = "<group>";
		};
		189571F6296E912F00F30F26 /* SwiftUIGrid */ = {
			isa = PBXGroup;
			children = (
				189571F7296E912F00F30F26 /* SwiftUIGridApp.swift */,
				189571F9296E912F00F30F26 /* ContentView.swift */,
				189571FB296E913100F30F26 /* Assets.xcassets */,
				189571FD296E913100F30F26 /* Preview Content */,
			);
			path = SwiftUIGrid;
			sourceTree = "<group>";
		};
		189571FD296E913100F30F26 /* Preview Content */ = {
			isa = PBXGroup;
			children = (
				189571FE296E913100F30F26 /* Preview Assets.xcassets */,
			);
			path = "Preview Content";
			sourceTree = "<group>";
		};
		18957207296E913200F30F26 /* SwiftUIGridTests */ = {
			isa = PBXGroup;
			children = (
				18957208296E913200F30F26 /* SwiftUIGridTests.swift */,
			);
			path = SwiftUIGridTests;
			sourceTree = "<group>";
		};
		18957211296E913200F30F26 /* SwiftUIGridUITests */ = {
			isa = PBXGroup;
			children = (
				18957212296E913200F30F26 /* SwiftUIGridUITests.swift */,
				18957214296E913200F30F26 /* SwiftUIGridUITestsLaunchTests.swift */,
			);
			path = SwiftUIGridUITests;
			sourceTree = "<group>";
		};
/* End PBXGroup section */

/* Begin PBXNativeTarget section */
		189571F3296E912F00F30F26 /* SwiftUIGrid */ = {
			isa = PBXNativeTarget;
			buildConfigurationList = 18957218296E913200F30F26 /* Build configuration list for PBXNativeTarget "SwiftUIGrid" */;
			buildPhases = (
				189571F0296E912F00F30F26 /* Sources */,
				189571F1296E912F00F30F26 /* Frameworks */,
				189571F2296E912F00F30F26 /* Resources */,
			);
			buildRules = (
			);
			dependencies = (
			);
			name = SwiftUIGrid;
			productName = SwiftUIGrid;
			productReference = 189571F4296E912F00F30F26 /* SwiftUIGrid.app */;
			productType = "com.apple.product-type.application";
		};
		18957203296E913200F30F26 /* SwiftUIGridTests */ = {
			isa = PBXNativeTarget;
			buildConfigurationList = 1895721B296E913200F30F26 /* Build configuration list for PBXNativeTarget "SwiftUIGridTests" */;
			buildPhases = (
				18957200296E913200F30F26 /* Sources */,
				18957201296E913200F30F26 /* Frameworks */,
				18957202296E913200F30F26 /* Resources */,
			);
			buildRules = (
			);
			dependencies = (
				18957206296E913200F30F26 /* PBXTargetDependency */,
			);
			name = SwiftUIGridTests;
			productName = SwiftUIGridTests;
			productReference = 18957204296E913200F30F26 /* SwiftUIGridTests.xctest */;
			productType = "com.apple.product-type.bundle.unit-test";
		};
		1895720D296E913200F30F26 /* SwiftUIGridUITests */ = {
			isa = PBXNativeTarget;
			buildConfigurationList = 1895721E296E913200F30F26 /* Build configuration list for PBXNativeTarget "SwiftUIGridUITests" */;
			buildPhases = (
				1895720A296E913200F30F26 /* Sources */,
				1895720B296E913200F30F26 /* Frameworks */,
				1895720C296E913200F30F26 /* Resources */,
			);
			buildRules = (
			);
			dependencies = (
				18957210296E913200F30F26 /* PBXTargetDependency */,
			);
			name = SwiftUIGridUITests;
			productName = SwiftUIGridUITests;
			productReference = 1895720E296E913200F30F26 /* SwiftUIGridUITests.xctest */;
			productType = "com.apple.product-type.bundle.ui-testing";
		};
/* End PBXNativeTarget section */

/* Begin PBXProject section */
		189571EC296E912F00F30F26 /* Project object */ = {
			isa = PBXProject;
			attributes = {
				BuildIndependentTargetsInParallel = 1;
				LastSwiftUpdateCheck = 1400;
				LastUpgradeCheck = 1400;
				TargetAttributes = {
					189571F3296E912F00F30F26 = {
						CreatedOnToolsVersion = 14.0.1;
					};
					18957203296E913200F30F26 = {
						CreatedOnToolsVersion = 14.0.1;
						TestTargetID = 189571F3296E912F00F30F26;
					};
					1895720D296E913200F30F26 = {
						CreatedOnToolsVersion = 14.0.1;
						TestTargetID = 189571F3296E912F00F30F26;
					};
				};
			};
			buildConfigurationList = 189571EF296E912F00F30F26 /* Build configuration list for PBXProject "SwiftUIGrid" */;
			compatibilityVersion = "Xcode 14.0";
			developmentRegion = en;
			hasScannedForEncodings = 0;
			knownRegions = (
				en,
				Base,
			);
			mainGroup = 189571EB296E912F00F30F26;
			productRefGroup = 189571F5296E912F00F30F26 /* Products */;
			projectDirPath = "";
			projectRoot = "";
			targets = (
				189571F3296E912F00F30F26 /* SwiftUIGrid */,
				18957203296E913200F30F26 /* SwiftUIGridTests */,
				1895720D296E913200F30F26 /* SwiftUIGridUITests */,
			);
		};
/* End PBXProject section */

/* Begin PBXResourcesBuildPhase section */
		189571F2296E912F00F30F26 /* Resources */ = {
			isa = PBXResourcesBuildPhase;
			buildActionMask = 2147483647;
			files = (
				189571FF296E913100F30F26 /* Preview Assets.xcassets in Resources */,
				189571FC296E913100F30F26 /* Assets.xcassets in Resources */,
			);
			runOnlyForDeploymentPostprocessing = 0;
		};
		18957202296E913200F30F26 /* Resources */ = {
			isa = PBXResourcesBuildPhase;
			buildActionMask = 2147483647;
			files = (
			);
			runOnlyForDeploymentPostprocessing = 0;
		};
		1895720C296E913200F30F26 /* Resources */ = {
			isa = PBXResourcesBuildPhase;
			buildActionMask = 2147483647;
			files = (
			);
			runOnlyForDeploymentPostprocessing = 0;
		};
/* End PBXResourcesBuildPhase section */

/* Begin PBXSourcesBuildPhase section */
		189571F0296E912F00F30F26 /* Sources */ = {
			isa = PBXSourcesBuildPhase;
			buildActionMask = 2147483647;
			files = (
				189571FA296E912F00F30F26 /* ContentView.swift in Sources */,
				189571F8296E912F00F30F26 /* SwiftUIGridApp.swift in Sources */,
			);
			runOnlyForDeploymentPostprocessing = 0;
		};
		18957200296E913200F30F26 /* Sources */ = {
			isa = PBXSourcesBuildPhase;
			buildActionMask = 2147483647;
			files = (
				18957209296E913200F30F26 /* SwiftUIGridTests.swift in Sources */,
			);
			runOnlyForDeploymentPostprocessing = 0;
		};
		1895720A296E913200F30F26 /* Sources */ = {
			isa = PBXSourcesBuildPhase;
			buildActionMask = 2147483647;
			files = (
				18957215296E913200F30F26 /* SwiftUIGridUITestsLaunchTests.swift in Sources */,
				18957213296E913200F30F26 /* SwiftUIGridUITests.swift in Sources */,
			);
			runOnlyForDeploymentPostprocessing = 0;
		};
/* End PBXSourcesBuildPhase section */

/* Begin PBXTargetDependency section */
		18957206296E913200F30F26 /* PBXTargetDependency */ = {
			isa = PBXTargetDependency;
			target = 189571F3296E912F00F30F26 /* SwiftUIGrid */;
			targetProxy = 18957205296E913200F30F26 /* PBXContainerItemProxy */;
		};
		18957210296E913200F30F26 /* PBXTargetDependency */ = {
			isa = PBXTargetDependency;
			target = 189571F3296E912F00F30F26 /* SwiftUIGrid */;
			targetProxy = 1895720F296E913200F30F26 /* PBXContainerItemProxy */;
		};
/* End PBXTargetDependency section */

/* Begin XCBuildConfiguration section */
		18957216296E913200F30F26 /* Debug */ = {
			isa = XCBuildConfiguration;
			buildSettings = {
				ALWAYS_SEARCH_USER_PATHS = NO;
				CLANG_ANALYZER_NONNULL = YES;
				CLANG_ANALYZER_NUMBER_OBJECT_CONVERSION = YES_AGGRESSIVE;
				CLANG_CXX_LANGUAGE_STANDARD = "gnu++20";
				CLANG_ENABLE_MODULES = YES;
				CLANG_ENABLE_OBJC_ARC = YES;
				CLANG_ENABLE_OBJC_WEAK = YES;
				CLANG_WARN_BLOCK_CAPTURE_AUTORELEASING = YES;
				CLANG_WARN_BOOL_CONVERSION = YES;
				CLANG_WARN_COMMA = YES;
				CLANG_WARN_CONSTANT_CONVERSION = YES;
				CLANG_WARN_DEPRECATED_OBJC_IMPLEMENTATIONS = YES;
				CLANG_WARN_DIRECT_OBJC_ISA_USAGE = YES_ERROR;
				CLANG_WARN_DOCUMENTATION_COMMENTS = YES;
				CLANG_WARN_EMPTY_BODY = YES;
				CLANG_WARN_ENUM_CONVERSION = YES;
				CLANG_WARN_INFINITE_RECURSION = YES;
				CLANG_WARN_INT_CONVERSION = YES;
				CLANG_WARN_NON_LITERAL_NULL_CONVERSION = YES;
				CLANG_WARN_OBJC_IMPLICIT_RETAIN_SELF = YES;
				CLANG_WARN_OBJC_LITERAL_CONVERSION = YES;
				CLANG_WARN_OBJC_ROOT_CLASS = YES_ERROR;
				CLANG_WARN_QUOTED_INCLUDE_IN_FRAMEWORK_HEADER = YES;
				CLANG_WARN_RANGE_LOOP_ANALYSIS = YES;
				CLANG_WARN_STRICT_PROTOTYPES = YES;
				CLANG_WARN_SUSPICIOUS_MOVE = YES;
				CLANG_WARN_UNGUARDED_AVAILABILITY = YES_AGGRESSIVE;
				CLANG_WARN_UNREACHABLE_CODE = YES;
				CLANG_WARN__DUPLICATE_METHOD_MATCH = YES;
				COPY_PHASE_STRIP = NO;
				DEBUG_INFORMATION_FORMAT = dwarf;
				ENABLE_STRICT_OBJC_MSGSEND = YES;
				ENABLE_TESTABILITY = YES;
				GCC_C_LANGUAGE_STANDARD = gnu11;
				GCC_DYNAMIC_NO_PIC = NO;
				GCC_NO_COMMON_BLOCKS = YES;
				GCC_OPTIMIZATION_LEVEL = 0;
				GCC_PREPROCESSOR_DEFINITIONS = (
					"DEBUG=1",
					"$(inherited)",
				);
				GCC_WARN_64_TO_32_BIT_CONVERSION = YES;
				GCC_WARN_ABOUT_RETURN_TYPE = YES_ERROR;
				GCC_WARN_UNDECLARED_SELECTOR = YES;
				GCC_WARN_UNINITIALIZED_AUTOS = YES_AGGRESSIVE;
				GCC_WARN_UNUSED_FUNCTION = YES;
				GCC_WARN_UNUSED_VARIABLE = YES;
				IPHONEOS_DEPLOYMENT_TARGET = 16.0;
				MTL_ENABLE_DEBUG_INFO = INCLUDE_SOURCE;
				MTL_FAST_MATH = YES;
				ONLY_ACTIVE_ARCH = YES;
				SDKROOT = iphoneos;
				SWIFT_ACTIVE_COMPILATION_CONDITIONS = DEBUG;
				SWIFT_OPTIMIZATION_LEVEL = "-Onone";
			};
			name = Debug;
		};
		18957217296E913200F30F26 /* Release */ = {
			isa = XCBuildConfiguration;
			buildSettings = {
				ALWAYS_SEARCH_USER_PATHS = NO;
				CLANG_ANALYZER_NONNULL = YES;
				CLANG_ANALYZER_NUMBER_OBJECT_CONVERSION = YES_AGGRESSIVE;
				CLANG_CXX_LANGUAGE_STANDARD = "gnu++20";
				CLANG_ENABLE_MODULES = YES;
				CLANG_ENABLE_OBJC_ARC = YES;
				CLANG_ENABLE_OBJC_WEAK = YES;
				CLANG_WARN_BLOCK_CAPTURE_AUTORELEASING = YES;
				CLANG_WARN_BOOL_CONVERSION = YES;
				CLANG_WARN_COMMA = YES;
				CLANG_WARN_CONSTANT_CONVERSION = YES;
				CLANG_WARN_DEPRECATED_OBJC_IMPLEMENTATIONS = YES;
				CLANG_WARN_DIRECT_OBJC_ISA_USAGE = YES_ERROR;
				CLANG_WARN_DOCUMENTATION_COMMENTS = YES;
				CLANG_WARN_EMPTY_BODY = YES;
				CLANG_WARN_ENUM_CONVERSION = YES;
				CLANG_WARN_INFINITE_RECURSION = YES;
				CLANG_WARN_INT_CONVERSION = YES;
				CLANG_WARN_NON_LITERAL_NULL_CONVERSION = YES;
				CLANG_WARN_OBJC_IMPLICIT_RETAIN_SELF = YES;
				CLANG_WARN_OBJC_LITERAL_CONVERSION = YES;
				CLANG_WARN_OBJC_ROOT_CLASS = YES_ERROR;
				CLANG_WARN_QUOTED_INCLUDE_IN_FRAMEWORK_HEADER = YES;
				CLANG_WARN_RANGE_LOOP_ANALYSIS = YES;
				CLANG_WARN_STRICT_PROTOTYPES = YES;
				CLANG_WARN_SUSPICIOUS_MOVE = YES;
				CLANG_WARN_UNGUARDED_AVAILABILITY = YES_AGGRESSIVE;
				CLANG_WARN_UNREACHABLE_CODE = YES;
				CLANG_WARN__DUPLICATE_METHOD_MATCH = YES;
				COPY_PHASE_STRIP = NO;
				DEBUG_INFORMATION_FORMAT = "dwarf-with-dsym";
				ENABLE_NS_ASSERTIONS = NO;
				ENABLE_STRICT_OBJC_MSGSEND = YES;
				GCC_C_LANGUAGE_STANDARD = gnu11;
				GCC_NO_COMMON_BLOCKS = YES;
				GCC_WARN_64_TO_32_BIT_CONVERSION = YES;
				GCC_WARN_ABOUT_RETURN_TYPE = YES_ERROR;
				GCC_WARN_UNDECLARED_SELECTOR = YES;
				GCC_WARN_UNINITIALIZED_AUTOS = YES_AGGRESSIVE;
				GCC_WARN_UNUSED_FUNCTION = YES;
				GCC_WARN_UNUSED_VARIABLE = YES;
				IPHONEOS_DEPLOYMENT_TARGET = 16.0;
				MTL_ENABLE_DEBUG_INFO = NO;
				MTL_FAST_MATH = YES;
				SDKROOT = iphoneos;
				SWIFT_COMPILATION_MODE = wholemodule;
				SWIFT_OPTIMIZATION_LEVEL = "-O";
				VALIDATE_PRODUCT = YES;
			};
			name = Release;
		};
		18957219296E913200F30F26 /* Debug */ = {
			isa = XCBuildConfiguration;
			buildSettings = {
				ASSETCATALOG_COMPILER_APPICON_NAME = AppIcon;
				ASSETCATALOG_COMPILER_GLOBAL_ACCENT_COLOR_NAME = AccentColor;
				CODE_SIGN_STYLE = Automatic;
				CURRENT_PROJECT_VERSION = 1;
				DEVELOPMENT_ASSET_PATHS = "\"SwiftUIGrid/Preview Content\"";
				ENABLE_PREVIEWS = YES;
				GENERATE_INFOPLIST_FILE = YES;
				INFOPLIST_KEY_UIApplicationSceneManifest_Generation = YES;
				INFOPLIST_KEY_UIApplicationSupportsIndirectInputEvents = YES;
				INFOPLIST_KEY_UILaunchScreen_Generation = YES;
				INFOPLIST_KEY_UISupportedInterfaceOrientations_iPad = "UIInterfaceOrientationPortrait UIInterfaceOrientationPortraitUpsideDown UIInterfaceOrientationLandscapeLeft UIInterfaceOrientationLandscapeRight";
				INFOPLIST_KEY_UISupportedInterfaceOrientations_iPhone = "UIInterfaceOrientationPortrait UIInterfaceOrientationLandscapeLeft UIInterfaceOrientationLandscapeRight";
				LD_RUNPATH_SEARCH_PATHS = (
					"$(inherited)",
					"@executable_path/Frameworks",
				);
				MARKETING_VERSION = 1.0;
				PRODUCT_BUNDLE_IDENTIFIER = tecOrb.SwiftUIGrid;
				PRODUCT_NAME = "$(TARGET_NAME)";
				SWIFT_EMIT_LOC_STRINGS = YES;
				SWIFT_VERSION = 5.0;
				TARGETED_DEVICE_FAMILY = "1,2";
			};
			name = Debug;
		};
		1895721A296E913200F30F26 /* Release */ = {
			isa = XCBuildConfiguration;
			buildSettings = {
				ASSETCATALOG_COMPILER_APPICON_NAME = AppIcon;
				ASSETCATALOG_COMPILER_GLOBAL_ACCENT_COLOR_NAME = AccentColor;
				CODE_SIGN_STYLE = Automatic;
				CURRENT_PROJECT_VERSION = 1;
				DEVELOPMENT_ASSET_PATHS = "\"SwiftUIGrid/Preview Content\"";
				ENABLE_PREVIEWS = YES;
				GENERATE_INFOPLIST_FILE = YES;
				INFOPLIST_KEY_UIApplicationSceneManifest_Generation = YES;
				INFOPLIST_KEY_UIApplicationSupportsIndirectInputEvents = YES;
				INFOPLIST_KEY_UILaunchScreen_Generation = YES;
				INFOPLIST_KEY_UISupportedInterfaceOrientations_iPad = "UIInterfaceOrientationPortrait UIInterfaceOrientationPortraitUpsideDown UIInterfaceOrientationLandscapeLeft UIInterfaceOrientationLandscapeRight";
				INFOPLIST_KEY_UISupportedInterfaceOrientations_iPhone = "UIInterfaceOrientationPortrait UIInterfaceOrientationLandscapeLeft UIInterfaceOrientationLandscapeRight";
				LD_RUNPATH_SEARCH_PATHS = (
					"$(inherited)",
					"@executable_path/Frameworks",
				);
				MARKETING_VERSION = 1.0;
				PRODUCT_BUNDLE_IDENTIFIER = tecOrb.SwiftUIGrid;
				PRODUCT_NAME = "$(TARGET_NAME)";
				SWIFT_EMIT_LOC_STRINGS = YES;
				SWIFT_VERSION = 5.0;
				TARGETED_DEVICE_FAMILY = "1,2";
			};
			name = Release;
		};
		1895721C296E913200F30F26 /* Debug */ = {
			isa = XCBuildConfiguration;
			buildSettings = {
				ALWAYS_EMBED_SWIFT_STANDARD_LIBRARIES = YES;
				BUNDLE_LOADER = "$(TEST_HOST)";
				CODE_SIGN_STYLE = Automatic;
				CURRENT_PROJECT_VERSION = 1;
				GENERATE_INFOPLIST_FILE = YES;
				IPHONEOS_DEPLOYMENT_TARGET = 16.0;
				MARKETING_VERSION = 1.0;
				PRODUCT_BUNDLE_IDENTIFIER = tecOrb.SwiftUIGridTests;
				PRODUCT_NAME = "$(TARGET_NAME)";
				SWIFT_EMIT_LOC_STRINGS = NO;
				SWIFT_VERSION = 5.0;
				TARGETED_DEVICE_FAMILY = "1,2";
				TEST_HOST = "$(BUILT_PRODUCTS_DIR)/SwiftUIGrid.app/$(BUNDLE_EXECUTABLE_FOLDER_PATH)/SwiftUIGrid";
			};
			name = Debug;
		};
		1895721D296E913200F30F26 /* Release */ = {
			isa = XCBuildConfiguration;
			buildSettings = {
				ALWAYS_EMBED_SWIFT_STANDARD_LIBRARIES = YES;
				BUNDLE_LOADER = "$(TEST_HOST)";
				CODE_SIGN_STYLE = Automatic;
				CURRENT_PROJECT_VERSION = 1;
				GENERATE_INFOPLIST_FILE = YES;
				IPHONEOS_DEPLOYMENT_TARGET = 16.0;
				MARKETING_VERSION = 1.0;
				PRODUCT_BUNDLE_IDENTIFIER = tecOrb.SwiftUIGridTests;
				PRODUCT_NAME = "$(TARGET_NAME)";
				SWIFT_EMIT_LOC_STRINGS = NO;
				SWIFT_VERSION = 5.0;
				TARGETED_DEVICE_FAMILY = "1,2";
				TEST_HOST = "$(BUILT_PRODUCTS_DIR)/SwiftUIGrid.app/$(BUNDLE_EXECUTABLE_FOLDER_PATH)/SwiftUIGrid";
			};
			name = Release;
		};
		1895721F296E913200F30F26 /* Debug */ = {
			isa = XCBuildConfiguration;
			buildSettings = {
				ALWAYS_EMBED_SWIFT_STANDARD_LIBRARIES = YES;
				CODE_SIGN_STYLE = Automatic;
				CURRENT_PROJECT_VERSION = 1;
				GENERATE_INFOPLIST_FILE = YES;
				MARKETING_VERSION = 1.0;
				PRODUCT_BUNDLE_IDENTIFIER = tecOrb.SwiftUIGridUITests;
				PRODUCT_NAME = "$(TARGET_NAME)";
				SWIFT_EMIT_LOC_STRINGS = NO;
				SWIFT_VERSION = 5.0;
				TARGETED_DEVICE_FAMILY = "1,2";
				TEST_TARGET_NAME = SwiftUIGrid;
			};
			name = Debug;
		};
		18957220296E913200F30F26 /* Release */ = {
			isa = XCBuildConfiguration;
			buildSettings = {
				ALWAYS_EMBED_SWIFT_STANDARD_LIBRARIES = YES;
				CODE_SIGN_STYLE = Automatic;
				CURRENT_PROJECT_VERSION = 1;
				GENERATE_INFOPLIST_FILE = YES;
				MARKETING_VERSION = 1.0;
				PRODUCT_BUNDLE_IDENTIFIER = tecOrb.SwiftUIGridUITests;
				PRODUCT_NAME = "$(TARGET_NAME)";
				SWIFT_EMIT_LOC_STRINGS = NO;
				SWIFT_VERSION = 5.0;
				TARGETED_DEVICE_FAMILY = "1,2";
				TEST_TARGET_NAME = SwiftUIGrid;
			};
			name = Release;
		};
/* End XCBuildConfiguration section */

/* Begin XCConfigurationList section */
		189571EF296E912F00F30F26 /* Build configuration list for PBXProject "SwiftUIGrid" */ = {
			isa = XCConfigurationList;
			buildConfigurations = (
				18957216296E913200F30F26 /* Debug */,
				18957217296E913200F30F26 /* Release */,
			);
			defaultConfigurationIsVisible = 0;
			defaultConfigurationName = Release;
		};
		18957218296E913200F30F26 /* Build configuration list for PBXNativeTarget "SwiftUIGrid" */ = {
			isa = XCConfigurationList;
			buildConfigurations = (
				18957219296E913200F30F26 /* Debug */,
				1895721A296E913200F30F26 /* Release */,
			);
			defaultConfigurationIsVisible = 0;
			defaultConfigurationName = Release;
		};
		1895721B296E913200F30F26 /* Build configuration list for PBXNativeTarget "SwiftUIGridTests" */ = {
			isa = XCConfigurationList;
			buildConfigurations = (
				1895721C296E913200F30F26 /* Debug */,
				1895721D296E913200F30F26 /* Release */,
			);
			defaultConfigurationIsVisible = 0;
			defaultConfigurationName = Release;
		};
		1895721E296E913200F30F26 /* Build configuration list for PBXNativeTarget "SwiftUIGridUITests" */ = {
			isa = XCConfigurationList;
			buildConfigurations = (
				1895721F296E913200F30F26 /* Debug */,
				18957220296E913200F30F26 /* Release */,
			);
			defaultConfigurationIsVisible = 0;
			defaultConfigurationName = Release;
		};
/* End XCConfigurationList section */
	};
	rootObject = 189571EC296E912F00F30F26 /* Project object */;
}
